
Microsoft Visual Studio Solution File, Format Version 12.00
# Visual Studio Version 17
VisualStudioVersion = 17.6.33815.320
MinimumVisualStudioVersion = 10.0.40219.1
Project("{FAE04EC0-301F-11D3-BF4B-00C04F79EFBC}") = "CSharpException", "CSharpException\CSharpException.csproj", "{A57320CD-746A-4444-97A2-8134E0544666}"
EndProject
Global
	GlobalSection(SolutionConfigurationPlatforms) = preSolution
		Debug|Any CPU = Debug|Any CPU
		Release|Any CPU = Release|Any CPU
	EndGlobalSection
	GlobalSection(ProjectConfigurationPlatforms) = postSolution
		{A57320CD-746A-4444-97A2-8134E0544666}.Debug|Any CPU.ActiveCfg = Debug|Any CPU
		{A57320CD-746A-4444-97A2-8134E0544666}.Debug|Any CPU.Build.0 = Debug|Any CPU
		{A57320CD-746A-4444-97A2-8134E0544666}.Release|Any CPU.ActiveCfg = Release|Any CPU
		{A57320CD-746A-4444-97A2-8134E0544666}.Release|Any CPU.Build.0 = Release|Any CPU
	EndGlobalSection
	GlobalSection(SolutionProperties) = preSolution
		HideSolutionNode = FALSE
	EndGlobalSection
	GlobalSection(ExtensibilityGlobals) = postSolution
		SolutionGuid = {8701C5F9-1F45-4A61-AC22-1A4E1EC82D4A}
	EndGlobalSection
EndGlobal
